
Microsoft Visual Studio Solution File, Format Version 12.00
# Visual Studio Version 17
VisualStudioVersion = 17.2.32630.192
MinimumVisualStudioVersion = 10.0.40219.1
Project("{FAE04EC0-301F-11D3-BF4B-00C04F79EFBC}") = "BooksWebAPI", "BooksWebAPI\BooksWebAPI.csproj", "{5C79E1B3-42C5-48C5-95AF-860FC09049CA}"
EndProject
Global
	GlobalSection(SolutionConfigurationPlatforms) = preSolution
		Debug|Any CPU = Debug|Any CPU
		Release|Any CPU = Release|Any CPU
	EndGlobalSection
	GlobalSection(ProjectConfigurationPlatforms) = postSolution
		{5C79E1B3-42C5-48C5-95AF-860FC09049CA}.Debug|Any CPU.ActiveCfg = Debug|Any CPU
		{5C79E1B3-42C5-48C5-95AF-860FC09049CA}.Debug|Any CPU.Build.0 = Debug|Any CPU
		{5C79E1B3-42C5-48C5-95AF-860FC09049CA}.Release|Any CPU.ActiveCfg = Release|Any CPU
		{5C79E1B3-42C5-48C5-95AF-860FC09049CA}.Release|Any CPU.Build.0 = Release|Any CPU
	EndGlobalSection
	GlobalSection(SolutionProperties) = preSolution
		HideSolutionNode = FALSE
	EndGlobalSection
	GlobalSection(ExtensibilityGlobals) = postSolution
		SolutionGuid = {00153347-A600-4C12-8C43-2EA28C5A8A59}
	EndGlobalSection
EndGlobal
